
Microsoft Visual Studio Solution File, Format Version 12.00
# Visual Studio Version 17
VisualStudioVersion = 17.5.002.0
MinimumVisualStudioVersion = 10.0.40219.1
Project("{9A19103F-16F7-4668-BE54-9A1E7A4F7556}") = "-vningsuppfsfkj", "-vningsuppfsfkj.csproj", "{7F880927-57A8-4A26-A4E3-6323B6EEF908}"
EndProject
Global
	GlobalSection(SolutionConfigurationPlatforms) = preSolution
		Debug|Any CPU = Debug|Any CPU
		Release|Any CPU = Release|Any CPU
	EndGlobalSection
	GlobalSection(ProjectConfigurationPlatforms) = postSolution
		{7F880927-57A8-4A26-A4E3-6323B6EEF908}.Debug|Any CPU.ActiveCfg = Debug|Any CPU
		{7F880927-57A8-4A26-A4E3-6323B6EEF908}.Debug|Any CPU.Build.0 = Debug|Any CPU
		{7F880927-57A8-4A26-A4E3-6323B6EEF908}.Release|Any CPU.ActiveCfg = Release|Any CPU
		{7F880927-57A8-4A26-A4E3-6323B6EEF908}.Release|Any CPU.Build.0 = Release|Any CPU
	EndGlobalSection
	GlobalSection(SolutionProperties) = preSolution
		HideSolutionNode = FALSE
	EndGlobalSection
	GlobalSection(ExtensibilityGlobals) = postSolution
		SolutionGuid = {73207F03-7465-4969-85D1-379EDA20D4CE}
	EndGlobalSection
EndGlobal
